// !$*UTF8*$!
{
	archiveVersion = 1;
	classes = {
	};
	objectVersion = 51;
	objects = {

/* Begin PBXBuildFile section */
		49CB32F6D96CE16AEBEDE36D /* Pods_SameHeightCollectionLayout.framework in Frameworks */ = {isa = PBXBuildFile; fileRef = 75E764D22885F5D76AC6448F /* Pods_SameHeightCollectionLayout.framework */; };
		B570291D240FCEDC00FC2B9A /* CustomCell.swift in Sources */ = {isa = PBXBuildFile; fileRef = B570291C240FCEDC00FC2B9A /* CustomCell.swift */; };
		B5702921241199E900FC2B9A /* CustomCollectionLayout.swift in Sources */ = {isa = PBXBuildFile; fileRef = B5702920241199E900FC2B9A /* CustomCollectionLayout.swift */; };
		B570292724128CCE00FC2B9A /* ThirdPieceRowCollectionLayout.swift in Sources */ = {isa = PBXBuildFile; fileRef = B570292624128CCE00FC2B9A /* ThirdPieceRowCollectionLayout.swift */; };
		B5AC3955240F47DD00C18A22 /* AppDelegate.swift in Sources */ = {isa = PBXBuildFile; fileRef = B5AC3954240F47DD00C18A22 /* AppDelegate.swift */; };
		B5AC395E240F47E000C18A22 /* Assets.xcassets in Resources */ = {isa = PBXBuildFile; fileRef = B5AC395D240F47E000C18A22 /* Assets.xcassets */; };
		B5AC3961240F47E000C18A22 /* LaunchScreen.storyboard in Resources */ = {isa = PBXBuildFile; fileRef = B5AC395F240F47E000C18A22 /* LaunchScreen.storyboard */; };
		B5AC3970240FB7E400C18A22 /* CollectionVC.swift in Sources */ = {isa = PBXBuildFile; fileRef = B5AC396F240FB7E400C18A22 /* CollectionVC.swift */; };
		B5AC3972240FBA4300C18A22 /* CustomCollectionView.swift in Sources */ = {isa = PBXBuildFile; fileRef = B5AC3971240FBA4300C18A22 /* CustomCollectionView.swift */; };
/* End PBXBuildFile section */

/* Begin PBXFileReference section */
		75E764D22885F5D76AC6448F /* Pods_SameHeightCollectionLayout.framework */ = {isa = PBXFileReference; explicitFileType = wrapper.framework; includeInIndex = 0; path = Pods_SameHeightCollectionLayout.framework; sourceTree = BUILT_PRODUCTS_DIR; };
		B570291C240FCEDC00FC2B9A /* CustomCell.swift */ = {isa = PBXFileReference; lastKnownFileType = sourcecode.swift; path = CustomCell.swift; sourceTree = "<group>"; };
		B5702920241199E900FC2B9A /* CustomCollectionLayout.swift */ = {isa = PBXFileReference; lastKnownFileType = sourcecode.swift; path = CustomCollectionLayout.swift; sourceTree = "<group>"; };
		B570292624128CCE00FC2B9A /* ThirdPieceRowCollectionLayout.swift */ = {isa = PBXFileReference; lastKnownFileType = sourcecode.swift; path = ThirdPieceRowCollectionLayout.swift; sourceTree = "<group>"; };
		B5AC3951240F47DD00C18A22 /* SameHeightCollectionLayout.app */ = {isa = PBXFileReference; explicitFileType = wrapper.application; includeInIndex = 0; path = SameHeightCollectionLayout.app; sourceTree = BUILT_PRODUCTS_DIR; };
		B5AC3954240F47DD00C18A22 /* AppDelegate.swift */ = {isa = PBXFileReference; lastKnownFileType = sourcecode.swift; path = AppDelegate.swift; sourceTree = "<group>"; };
		B5AC395D240F47E000C18A22 /* Assets.xcassets */ = {isa = PBXFileReference; lastKnownFileType = folder.assetcatalog; path = Assets.xcassets; sourceTree = "<group>"; };
		B5AC3960240F47E000C18A22 /* Base */ = {isa = PBXFileReference; lastKnownFileType = file.storyboard; name = Base; path = Base.lproj/LaunchScreen.storyboard; sourceTree = "<group>"; };
		B5AC3962240F47E000C18A22 /* Info.plist */ = {isa = PBXFileReference; lastKnownFileType = text.plist.xml; path = Info.plist; sourceTree = "<group>"; };
		B5AC396F240FB7E400C18A22 /* CollectionVC.swift */ = {isa = PBXFileReference; lastKnownFileType = sourcecode.swift; path = CollectionVC.swift; sourceTree = "<group>"; };
		B5AC3971240FBA4300C18A22 /* CustomCollectionView.swift */ = {isa = PBXFileReference; lastKnownFileType = sourcecode.swift; path = CustomCollectionView.swift; sourceTree = "<group>"; };
		E3109E5D348ED056A3791F17 /* Pods-SameHeightCollectionLayout.debug.xcconfig */ = {isa = PBXFileReference; includeInIndex = 1; lastKnownFileType = text.xcconfig; name = "Pods-SameHeightCollectionLayout.debug.xcconfig"; path = "Target Support Files/Pods-SameHeightCollectionLayout/Pods-SameHeightCollectionLayout.debug.xcconfig"; sourceTree = "<group>"; };
		FE0890047FEEBC8E1E6AC943 /* Pods-SameHeightCollectionLayout.release.xcconfig */ = {isa = PBXFileReference; includeInIndex = 1; lastKnownFileType = text.xcconfig; name = "Pods-SameHeightCollectionLayout.release.xcconfig"; path = "Target Support Files/Pods-SameHeightCollectionLayout/Pods-SameHeightCollectionLayout.release.xcconfig"; sourceTree = "<group>"; };
/* End PBXFileReference section */

/* Begin PBXFrameworksBuildPhase section */
		B5AC394E240F47DD00C18A22 /* Frameworks */ = {
			isa = PBXFrameworksBuildPhase;
			buildActionMask = 2147483647;
			files = (
				49CB32F6D96CE16AEBEDE36D /* Pods_SameHeightCollectionLayout.framework in Frameworks */,
			);
			runOnlyForDeploymentPostprocessing = 0;
		};
/* End PBXFrameworksBuildPhase section */

/* Begin PBXGroup section */
		3D827A0F4E9C6693B5B223A0 /* Pods */ = {
			isa = PBXGroup;
			children = (
				E3109E5D348ED056A3791F17 /* Pods-SameHeightCollectionLayout.debug.xcconfig */,
				FE0890047FEEBC8E1E6AC943 /* Pods-SameHeightCollectionLayout.release.xcconfig */,
			);
			path = Pods;
			sourceTree = "<group>";
		};
		5387EC7682892E740D6137FF /* Frameworks */ = {
			isa = PBXGroup;
			children = (
				75E764D22885F5D76AC6448F /* Pods_SameHeightCollectionLayout.framework */,
			);
			name = Frameworks;
			sourceTree = "<group>";
		};
		B5AC3948240F47DD00C18A22 = {
			isa = PBXGroup;
			children = (
				B5AC3953240F47DD00C18A22 /* SameHeightCollectionLayout */,
				B5AC3952240F47DD00C18A22 /* Products */,
				3D827A0F4E9C6693B5B223A0 /* Pods */,
				5387EC7682892E740D6137FF /* Frameworks */,
			);
			sourceTree = "<group>";
		};
		B5AC3952240F47DD00C18A22 /* Products */ = {
			isa = PBXGroup;
			children = (
				B5AC3951240F47DD00C18A22 /* SameHeightCollectionLayout.app */,
			);
			name = Products;
			sourceTree = "<group>";
		};
		B5AC3953240F47DD00C18A22 /* SameHeightCollectionLayout */ = {
			isa = PBXGroup;
			children = (
				B5AC3968240FB66300C18A22 /* Application */,
				B5AC3969240FB66800C18A22 /* Flow */,
				B5AC396A240FB66C00C18A22 /* Resources */,
			);
			path = SameHeightCollectionLayout;
			sourceTree = "<group>";
		};
		B5AC3968240FB66300C18A22 /* Application */ = {
			isa = PBXGroup;
			children = (
				B5AC3954240F47DD00C18A22 /* AppDelegate.swift */,
				B5AC395F240F47E000C18A22 /* LaunchScreen.storyboard */,
			);
			path = Application;
			sourceTree = "<group>";
		};
		B5AC3969240FB66800C18A22 /* Flow */ = {
			isa = PBXGroup;
			children = (
				B5AC396B240FB69D00C18A22 /* CollectionVC */,
			);
			path = Flow;
			sourceTree = "<group>";
		};
		B5AC396A240FB66C00C18A22 /* Resources */ = {
			isa = PBXGroup;
			children = (
				B5AC395D240F47E000C18A22 /* Assets.xcassets */,
				B5AC3962240F47E000C18A22 /* Info.plist */,
			);
			path = Resources;
			sourceTree = "<group>";
		};
		B5AC396B240FB69D00C18A22 /* CollectionVC */ = {
			isa = PBXGroup;
			children = (
				B5AC396E240FB6AB00C18A22 /* Model */,
				B5AC396D240FB6A900C18A22 /* View */,
				B5AC396C240FB6A400C18A22 /* Controller */,
			);
			path = CollectionVC;
			sourceTree = "<group>";
		};
		B5AC396C240FB6A400C18A22 /* Controller */ = {
			isa = PBXGroup;
			children = (
				B5AC396F240FB7E400C18A22 /* CollectionVC.swift */,
			);
			path = Controller;
			sourceTree = "<group>";
		};
		B5AC396D240FB6A900C18A22 /* View */ = {
			isa = PBXGroup;
			children = (
				B5702920241199E900FC2B9A /* CustomCollectionLayout.swift */,
				B570292624128CCE00FC2B9A /* ThirdPieceRowCollectionLayout.swift */,
				B570291C240FCEDC00FC2B9A /* CustomCell.swift */,
				B5AC3971240FBA4300C18A22 /* CustomCollectionView.swift */,
			);
			path = View;
			sourceTree = "<group>";
		};
		B5AC396E240FB6AB00C18A22 /* Model */ = {
			isa = PBXGroup;
			children = (
			);
			path = Model;
			sourceTree = "<group>";
		};
/* End PBXGroup section */

/* Begin PBXNativeTarget section */
		B5AC3950240F47DD00C18A22 /* SameHeightCollectionLayout */ = {
			isa = PBXNativeTarget;
			buildConfigurationList = B5AC3965240F47E000C18A22 /* Build configuration list for PBXNativeTarget "SameHeightCollectionLayout" */;
			buildPhases = (
				AD15ABEB295431E11E898DB7 /* [CP] Check Pods Manifest.lock */,
				B5AC394D240F47DD00C18A22 /* Sources */,
				B5AC394E240F47DD00C18A22 /* Frameworks */,
				B5AC394F240F47DD00C18A22 /* Resources */,
				843DB38B146D439D9A840D17 /* [CP] Embed Pods Frameworks */,
			);
			buildRules = (
			);
			dependencies = (
			);
			name = SameHeightCollectionLayout;
			productName = SameHeightCollectionLayout;
			productReference = B5AC3951240F47DD00C18A22 /* SameHeightCollectionLayout.app */;
			productType = "com.apple.product-type.application";
		};
/* End PBXNativeTarget section */

/* Begin PBXProject section */
		B5AC3949240F47DD00C18A22 /* Project object */ = {
			isa = PBXProject;
			attributes = {
				LastSwiftUpdateCheck = 1130;
				LastUpgradeCheck = 1130;
				ORGANIZATIONNAME = "Константин Маламуж";
				TargetAttributes = {
					B5AC3950240F47DD00C18A22 = {
						CreatedOnToolsVersion = 11.3.1;
					};
				};
			};
			buildConfigurationList = B5AC394C240F47DD00C18A22 /* Build configuration list for PBXProject "SameHeightCollectionLayout" */;
			compatibilityVersion = "Xcode 9.3";
			developmentRegion = en;
			hasScannedForEncodings = 0;
			knownRegions = (
				en,
				Base,
			);
			mainGroup = B5AC3948240F47DD00C18A22;
			productRefGroup = B5AC3952240F47DD00C18A22 /* Products */;
			projectDirPath = "";
			projectRoot = "";
			targets = (
				B5AC3950240F47DD00C18A22 /* SameHeightCollectionLayout */,
			);
		};
/* End PBXProject section */

/* Begin PBXResourcesBuildPhase section */
		B5AC394F240F47DD00C18A22 /* Resources */ = {
			isa = PBXResourcesBuildPhase;
			buildActionMask = 2147483647;
			files = (
				B5AC3961240F47E000C18A22 /* LaunchScreen.storyboard in Resources */,
				B5AC395E240F47E000C18A22 /* Assets.xcassets in Resources */,
			);
			runOnlyForDeploymentPostprocessing = 0;
		};
/* End PBXResourcesBuildPhase section */

/* Begin PBXShellScriptBuildPhase section */
		843DB38B146D439D9A840D17 /* [CP] Embed Pods Frameworks */ = {
			isa = PBXShellScriptBuildPhase;
			buildActionMask = 2147483647;
			files = (
			);
			inputFileListPaths = (
				"${PODS_ROOT}/Target Support Files/Pods-SameHeightCollectionLayout/Pods-SameHeightCollectionLayout-frameworks-${CONFIGURATION}-input-files.xcfilelist",
			);
			name = "[CP] Embed Pods Frameworks";
			outputFileListPaths = (
				"${PODS_ROOT}/Target Support Files/Pods-SameHeightCollectionLayout/Pods-SameHeightCollectionLayout-frameworks-${CONFIGURATION}-output-files.xcfilelist",
			);
			runOnlyForDeploymentPostprocessing = 0;
			shellPath = /bin/sh;
			shellScript = "\"${PODS_ROOT}/Target Support Files/Pods-SameHeightCollectionLayout/Pods-SameHeightCollectionLayout-frameworks.sh\"\n";
			showEnvVarsInLog = 0;
		};
		AD15ABEB295431E11E898DB7 /* [CP] Check Pods Manifest.lock */ = {
			isa = PBXShellScriptBuildPhase;
			buildActionMask = 2147483647;
			files = (
			);
			inputFileListPaths = (
			);
			inputPaths = (
				"${PODS_PODFILE_DIR_PATH}/Podfile.lock",
				"${PODS_ROOT}/Manifest.lock",
			);
			name = "[CP] Check Pods Manifest.lock";
			outputFileListPaths = (
			);
			outputPaths = (
				"$(DERIVED_FILE_DIR)/Pods-SameHeightCollectionLayout-checkManifestLockResult.txt",
			);
			runOnlyForDeploymentPostprocessing = 0;
			shellPath = /bin/sh;
			shellScript = "diff \"${PODS_PODFILE_DIR_PATH}/Podfile.lock\" \"${PODS_ROOT}/Manifest.lock\" > /dev/null\nif [ $? != 0 ] ; then\n    # print error to STDERR\n    echo \"error: The sandbox is not in sync with the Podfile.lock. Run 'pod install' or update your CocoaPods installation.\" >&2\n    exit 1\nfi\n# This output is used by Xcode 'outputs' to avoid re-running this script phase.\necho \"SUCCESS\" > \"${SCRIPT_OUTPUT_FILE_0}\"\n";
			showEnvVarsInLog = 0;
		};
/* End PBXShellScriptBuildPhase section */

/* Begin PBXSourcesBuildPhase section */
		B5AC394D240F47DD00C18A22 /* Sources */ = {
			isa = PBXSourcesBuildPhase;
			buildActionMask = 2147483647;
			files = (
				B5702921241199E900FC2B9A /* CustomCollectionLayout.swift in Sources */,
				B5AC3972240FBA4300C18A22 /* CustomCollectionView.swift in Sources */,
				B5AC3970240FB7E400C18A22 /* CollectionVC.swift in Sources */,
				B570292724128CCE00FC2B9A /* ThirdPieceRowCollectionLayout.swift in Sources */,
				B570291D240FCEDC00FC2B9A /* CustomCell.swift in Sources */,
				B5AC3955240F47DD00C18A22 /* AppDelegate.swift in Sources */,
			);
			runOnlyForDeploymentPostprocessing = 0;
		};
/* End PBXSourcesBuildPhase section */

/* Begin PBXVariantGroup section */
		B5AC395F240F47E000C18A22 /* LaunchScreen.storyboard */ = {
			isa = PBXVariantGroup;
			children = (
				B5AC3960240F47E000C18A22 /* Base */,
			);
			name = LaunchScreen.storyboard;
			sourceTree = "<group>";
		};
/* End PBXVariantGroup section */

/* Begin XCBuildConfiguration section */
		B5AC3963240F47E000C18A22 /* Debug */ = {
			isa = XCBuildConfiguration;
			buildSettings = {
				ALWAYS_SEARCH_USER_PATHS = NO;
				CLANG_ANALYZER_NONNULL = YES;
				CLANG_ANALYZER_NUMBER_OBJECT_CONVERSION = YES_AGGRESSIVE;
				CLANG_CXX_LANGUAGE_STANDARD = "gnu++14";
				CLANG_CXX_LIBRARY = "libc++";
				CLANG_ENABLE_MODULES = YES;
				CLANG_ENABLE_OBJC_ARC = YES;
				CLANG_ENABLE_OBJC_WEAK = YES;
				CLANG_WARN_BLOCK_CAPTURE_AUTORELEASING = YES;
				CLANG_WARN_BOOL_CONVERSION = YES;
				CLANG_WARN_COMMA = YES;
				CLANG_WARN_CONSTANT_CONVERSION = YES;
				CLANG_WARN_DEPRECATED_OBJC_IMPLEMENTATIONS = YES;
				CLANG_WARN_DIRECT_OBJC_ISA_USAGE = YES_ERROR;
				CLANG_WARN_DOCUMENTATION_COMMENTS = YES;
				CLANG_WARN_EMPTY_BODY = YES;
				CLANG_WARN_ENUM_CONVERSION = YES;
				CLANG_WARN_INFINITE_RECURSION = YES;
				CLANG_WARN_INT_CONVERSION = YES;
				CLANG_WARN_NON_LITERAL_NULL_CONVERSION = YES;
				CLANG_WARN_OBJC_IMPLICIT_RETAIN_SELF = YES;
				CLANG_WARN_OBJC_LITERAL_CONVERSION = YES;
				CLANG_WARN_OBJC_ROOT_CLASS = YES_ERROR;
				CLANG_WARN_RANGE_LOOP_ANALYSIS = YES;
				CLANG_WARN_STRICT_PROTOTYPES = YES;
				CLANG_WARN_SUSPICIOUS_MOVE = YES;
				CLANG_WARN_UNGUARDED_AVAILABILITY = YES_AGGRESSIVE;
				CLANG_WARN_UNREACHABLE_CODE = YES;
				CLANG_WARN__DUPLICATE_METHOD_MATCH = YES;
				COPY_PHASE_STRIP = NO;
				DEBUG_INFORMATION_FORMAT = dwarf;
				ENABLE_STRICT_OBJC_MSGSEND = YES;
				ENABLE_TESTABILITY = YES;
				GCC_C_LANGUAGE_STANDARD = gnu11;
				GCC_DYNAMIC_NO_PIC = NO;
				GCC_NO_COMMON_BLOCKS = YES;
				GCC_OPTIMIZATION_LEVEL = 0;
				GCC_PREPROCESSOR_DEFINITIONS = (
					"DEBUG=1",
					"$(inherited)",
				);
				GCC_WARN_64_TO_32_BIT_CONVERSION = YES;
				GCC_WARN_ABOUT_RETURN_TYPE = YES_ERROR;
				GCC_WARN_UNDECLARED_SELECTOR = YES;
				GCC_WARN_UNINITIALIZED_AUTOS = YES_AGGRESSIVE;
				GCC_WARN_UNUSED_FUNCTION = YES;
				GCC_WARN_UNUSED_VARIABLE = YES;
				IPHONEOS_DEPLOYMENT_TARGET = 13.2;
				MTL_ENABLE_DEBUG_INFO = INCLUDE_SOURCE;
				MTL_FAST_MATH = YES;
				ONLY_ACTIVE_ARCH = YES;
				SDKROOT = iphoneos;
				SWIFT_ACTIVE_COMPILATION_CONDITIONS = DEBUG;
				SWIFT_OPTIMIZATION_LEVEL = "-Onone";
			};
			name = Debug;
		};
		B5AC3964240F47E000C18A22 /* Release */ = {
			isa = XCBuildConfiguration;
			buildSettings = {
				ALWAYS_SEARCH_USER_PATHS = NO;
				CLANG_ANALYZER_NONNULL = YES;
				CLANG_ANALYZER_NUMBER_OBJECT_CONVERSION = YES_AGGRESSIVE;
				CLANG_CXX_LANGUAGE_STANDARD = "gnu++14";
				CLANG_CXX_LIBRARY = "libc++";
				CLANG_ENABLE_MODULES = YES;
				CLANG_ENABLE_OBJC_ARC = YES;
				CLANG_ENABLE_OBJC_WEAK = YES;
				CLANG_WARN_BLOCK_CAPTURE_AUTORELEASING = YES;
				CLANG_WARN_BOOL_CONVERSION = YES;
				CLANG_WARN_COMMA = YES;
				CLANG_WARN_CONSTANT_CONVERSION = YES;
				CLANG_WARN_DEPRECATED_OBJC_IMPLEMENTATIONS = YES;
				CLANG_WARN_DIRECT_OBJC_ISA_USAGE = YES_ERROR;
				CLANG_WARN_DOCUMENTATION_COMMENTS = YES;
				CLANG_WARN_EMPTY_BODY = YES;
				CLANG_WARN_ENUM_CONVERSION = YES;
				CLANG_WARN_INFINITE_RECURSION = YES;
				CLANG_WARN_INT_CONVERSION = YES;
				CLANG_WARN_NON_LITERAL_NULL_CONVERSION = YES;
				CLANG_WARN_OBJC_IMPLICIT_RETAIN_SELF = YES;
				CLANG_WARN_OBJC_LITERAL_CONVERSION = YES;
				CLANG_WARN_OBJC_ROOT_CLASS = YES_ERROR;
				CLANG_WARN_RANGE_LOOP_ANALYSIS = YES;
				CLANG_WARN_STRICT_PROTOTYPES = YES;
				CLANG_WARN_SUSPICIOUS_MOVE = YES;
				CLANG_WARN_UNGUARDED_AVAILABILITY = YES_AGGRESSIVE;
				CLANG_WARN_UNREACHABLE_CODE = YES;
				CLANG_WARN__DUPLICATE_METHOD_MATCH = YES;
				COPY_PHASE_STRIP = NO;
				DEBUG_INFORMATION_FORMAT = "dwarf-with-dsym";
				ENABLE_NS_ASSERTIONS = NO;
				ENABLE_STRICT_OBJC_MSGSEND = YES;
				GCC_C_LANGUAGE_STANDARD = gnu11;
				GCC_NO_COMMON_BLOCKS = YES;
				GCC_WARN_64_TO_32_BIT_CONVERSION = YES;
				GCC_WARN_ABOUT_RETURN_TYPE = YES_ERROR;
				GCC_WARN_UNDECLARED_SELECTOR = YES;
				GCC_WARN_UNINITIALIZED_AUTOS = YES_AGGRESSIVE;
				GCC_WARN_UNUSED_FUNCTION = YES;
				GCC_WARN_UNUSED_VARIABLE = YES;
				IPHONEOS_DEPLOYMENT_TARGET = 13.2;
				MTL_ENABLE_DEBUG_INFO = NO;
				MTL_FAST_MATH = YES;
				SDKROOT = iphoneos;
				SWIFT_COMPILATION_MODE = wholemodule;
				SWIFT_OPTIMIZATION_LEVEL = "-O";
				VALIDATE_PRODUCT = YES;
			};
			name = Release;
		};
		B5AC3966240F47E000C18A22 /* Debug */ = {
			isa = XCBuildConfiguration;
			baseConfigurationReference = E3109E5D348ED056A3791F17 /* Pods-SameHeightCollectionLayout.debug.xcconfig */;
			buildSettings = {
				ASSETCATALOG_COMPILER_APPICON_NAME = AppIcon;
				CODE_SIGN_STYLE = Automatic;
				DEVELOPMENT_TEAM = BEZVYLYFD7;
				INFOPLIST_FILE = SameHeightCollectionLayout/Resources/Info.plist;
				LD_RUNPATH_SEARCH_PATHS = (
					"$(inherited)",
					"@executable_path/Frameworks",
				);
				PRODUCT_BUNDLE_IDENTIFIER = Konstantin.mzh.SameHeightCollectionLayout;
				PRODUCT_NAME = "$(TARGET_NAME)";
				SWIFT_VERSION = 5.0;
				TARGETED_DEVICE_FAMILY = "1,2";
			};
			name = Debug;
		};
		B5AC3967240F47E000C18A22 /* Release */ = {
			isa = XCBuildConfiguration;
			baseConfigurationReference = FE0890047FEEBC8E1E6AC943 /* Pods-SameHeightCollectionLayout.release.xcconfig */;
			buildSettings = {
				ASSETCATALOG_COMPILER_APPICON_NAME = AppIcon;
				CODE_SIGN_STYLE = Automatic;
				DEVELOPMENT_TEAM = BEZVYLYFD7;
				INFOPLIST_FILE = SameHeightCollectionLayout/Resources/Info.plist;
				LD_RUNPATH_SEARCH_PATHS = (
					"$(inherited)",
					"@executable_path/Frameworks",
				);
				PRODUCT_BUNDLE_IDENTIFIER = Konstantin.mzh.SameHeightCollectionLayout;
				PRODUCT_NAME = "$(TARGET_NAME)";
				SWIFT_VERSION = 5.0;
				TARGETED_DEVICE_FAMILY = "1,2";
			};
			name = Release;
		};
/* End XCBuildConfiguration section */

/* Begin XCConfigurationList section */
		B5AC394C240F47DD00C18A22 /* Build configuration list for PBXProject "SameHeightCollectionLayout" */ = {
			isa = XCConfigurationList;
			buildConfigurations = (
				B5AC3963240F47E000C18A22 /* Debug */,
				B5AC3964240F47E000C18A22 /* Release */,
			);
			defaultConfigurationIsVisible = 0;
			defaultConfigurationName = Release;
		};
		B5AC3965240F47E000C18A22 /* Build configuration list for PBXNativeTarget "SameHeightCollectionLayout" */ = {
			isa = XCConfigurationList;
			buildConfigurations = (
				B5AC3966240F47E000C18A22 /* Debug */,
				B5AC3967240F47E000C18A22 /* Release */,
			);
			defaultConfigurationIsVisible = 0;
			defaultConfigurationName = Release;
		};
/* End XCConfigurationList section */
	};
	rootObject = B5AC3949240F47DD00C18A22 /* Project object */;
}
